// !$*UTF8*$!
{
	archiveVersion = 1;
	classes = {
	};
	objectVersion = 46;
	objects = {

/* Begin PBXBuildFile section */
		A92E98B01A2B447F00FB0B2A /* AppDelegate.swift in Sources */ = {isa = PBXBuildFile; fileRef = A92E98AF1A2B447F00FB0B2A /* AppDelegate.swift */; };
		A92E98B21A2B447F00FB0B2A /* ViewController.swift in Sources */ = {isa = PBXBuildFile; fileRef = A92E98B11A2B447F00FB0B2A /* ViewController.swift */; };
		A92E98B51A2B447F00FB0B2A /* Main.storyboard in Resources */ = {isa = PBXBuildFile; fileRef = A92E98B31A2B447F00FB0B2A /* Main.storyboard */; };
		A92E98B71A2B447F00FB0B2A /* Images.xcassets in Resources */ = {isa = PBXBuildFile; fileRef = A92E98B61A2B447F00FB0B2A /* Images.xcassets */; };
		A92E98BA1A2B447F00FB0B2A /* LaunchScreen.xib in Resources */ = {isa = PBXBuildFile; fileRef = A92E98B81A2B447F00FB0B2A /* LaunchScreen.xib */; };
		A92E98C61A2B447F00FB0B2A /* PurboSwiftCsvExampleTests.swift in Sources */ = {isa = PBXBuildFile; fileRef = A92E98C51A2B447F00FB0B2A /* PurboSwiftCsvExampleTests.swift */; };
		A92E98D91A2B450900FB0B2A /* PurboSwiftCsv.framework in Frameworks */ = {isa = PBXBuildFile; fileRef = A92E98D81A2B450900FB0B2A /* PurboSwiftCsv.framework */; };
		A92E98DB1A2B45B300FB0B2A /* test1.csv in Resources */ = {isa = PBXBuildFile; fileRef = A92E98DA1A2B45B300FB0B2A /* test1.csv */; };
/* End PBXBuildFile section */

/* Begin PBXContainerItemProxy section */
		A92E98C01A2B447F00FB0B2A /* PBXContainerItemProxy */ = {
			isa = PBXContainerItemProxy;
			containerPortal = A92E98A21A2B447F00FB0B2A /* Project object */;
			proxyType = 1;
			remoteGlobalIDString = A92E98A91A2B447F00FB0B2A;
			remoteInfo = PurboSwiftCsvExample;
		};
/* End PBXContainerItemProxy section */

/* Begin PBXFileReference section */
		A92E98AA1A2B447F00FB0B2A /* PurboSwiftCsvExample.app */ = {isa = PBXFileReference; explicitFileType = wrapper.application; includeInIndex = 0; path = PurboSwiftCsvExample.app; sourceTree = BUILT_PRODUCTS_DIR; };
		A92E98AE1A2B447F00FB0B2A /* Info.plist */ = {isa = PBXFileReference; lastKnownFileType = text.plist.xml; path = Info.plist; sourceTree = "<group>"; };
		A92E98AF1A2B447F00FB0B2A /* AppDelegate.swift */ = {isa = PBXFileReference; lastKnownFileType = sourcecode.swift; path = AppDelegate.swift; sourceTree = "<group>"; };
		A92E98B11A2B447F00FB0B2A /* ViewController.swift */ = {isa = PBXFileReference; lastKnownFileType = sourcecode.swift; path = ViewController.swift; sourceTree = "<group>"; };
		A92E98B41A2B447F00FB0B2A /* Base */ = {isa = PBXFileReference; lastKnownFileType = file.storyboard; name = Base; path = Base.lproj/Main.storyboard; sourceTree = "<group>"; };
		A92E98B61A2B447F00FB0B2A /* Images.xcassets */ = {isa = PBXFileReference; lastKnownFileType = folder.assetcatalog; path = Images.xcassets; sourceTree = "<group>"; };
		A92E98B91A2B447F00FB0B2A /* Base */ = {isa = PBXFileReference; lastKnownFileType = file.xib; name = Base; path = Base.lproj/LaunchScreen.xib; sourceTree = "<group>"; };
		A92E98BF1A2B447F00FB0B2A /* PurboSwiftCsvExampleTests.xctest */ = {isa = PBXFileReference; explicitFileType = wrapper.cfbundle; includeInIndex = 0; path = PurboSwiftCsvExampleTests.xctest; sourceTree = BUILT_PRODUCTS_DIR; };
		A92E98C41A2B447F00FB0B2A /* Info.plist */ = {isa = PBXFileReference; lastKnownFileType = text.plist.xml; path = Info.plist; sourceTree = "<group>"; };
		A92E98C51A2B447F00FB0B2A /* PurboSwiftCsvExampleTests.swift */ = {isa = PBXFileReference; lastKnownFileType = sourcecode.swift; path = PurboSwiftCsvExampleTests.swift; sourceTree = "<group>"; };
		A92E98D81A2B450900FB0B2A /* PurboSwiftCsv.framework */ = {isa = PBXFileReference; lastKnownFileType = wrapper.framework; name = PurboSwiftCsv.framework; path = "../../build/Debug-iphoneos/PurboSwiftCsv.framework"; sourceTree = "<group>"; };
		A92E98DA1A2B45B300FB0B2A /* test1.csv */ = {isa = PBXFileReference; fileEncoding = 4; lastKnownFileType = text; path = test1.csv; sourceTree = "<group>"; };
		A9AF4B9E1A3456F600AD34C9 /* PurboSwiftCsvPlayground.playground */ = {isa = PBXFileReference; lastKnownFileType = file.playground; path = PurboSwiftCsvPlayground.playground; sourceTree = "<group>"; };
/* End PBXFileReference section */

/* Begin PBXFrameworksBuildPhase section */
		A92E98A71A2B447F00FB0B2A /* Frameworks */ = {
			isa = PBXFrameworksBuildPhase;
			buildActionMask = 2147483647;
			files = (
				A92E98D91A2B450900FB0B2A /* PurboSwiftCsv.framework in Frameworks */,
			);
			runOnlyForDeploymentPostprocessing = 0;
		};
		A92E98BC1A2B447F00FB0B2A /* Frameworks */ = {
			isa = PBXFrameworksBuildPhase;
			buildActionMask = 2147483647;
			files = (
			);
			runOnlyForDeploymentPostprocessing = 0;
		};
/* End PBXFrameworksBuildPhase section */

/* Begin PBXGroup section */
		A92E98A11A2B447F00FB0B2A = {
			isa = PBXGroup;
			children = (
				A92E98D81A2B450900FB0B2A /* PurboSwiftCsv.framework */,
				A92E98AC1A2B447F00FB0B2A /* PurboSwiftCsvExample */,
				A92E98C21A2B447F00FB0B2A /* PurboSwiftCsvExampleTests */,
				A92E98AB1A2B447F00FB0B2A /* Products */,
			);
			sourceTree = "<group>";
		};
		A92E98AB1A2B447F00FB0B2A /* Products */ = {
			isa = PBXGroup;
			children = (
				A92E98AA1A2B447F00FB0B2A /* PurboSwiftCsvExample.app */,
				A92E98BF1A2B447F00FB0B2A /* PurboSwiftCsvExampleTests.xctest */,
			);
			name = Products;
			sourceTree = "<group>";
		};
		A92E98AC1A2B447F00FB0B2A /* PurboSwiftCsvExample */ = {
			isa = PBXGroup;
			children = (
				A92E98DA1A2B45B300FB0B2A /* test1.csv */,
				A92E98AF1A2B447F00FB0B2A /* AppDelegate.swift */,
				A92E98B11A2B447F00FB0B2A /* ViewController.swift */,
				A92E98B31A2B447F00FB0B2A /* Main.storyboard */,
				A92E98B61A2B447F00FB0B2A /* Images.xcassets */,
				A92E98B81A2B447F00FB0B2A /* LaunchScreen.xib */,
				A92E98AD1A2B447F00FB0B2A /* Supporting Files */,
				A9AF4B9E1A3456F600AD34C9 /* PurboSwiftCsvPlayground.playground */,
			);
			path = PurboSwiftCsvExample;
			sourceTree = "<group>";
		};
		A92E98AD1A2B447F00FB0B2A /* Supporting Files */ = {
			isa = PBXGroup;
			children = (
				A92E98AE1A2B447F00FB0B2A /* Info.plist */,
			);
			name = "Supporting Files";
			sourceTree = "<group>";
		};
		A92E98C21A2B447F00FB0B2A /* PurboSwiftCsvExampleTests */ = {
			isa = PBXGroup;
			children = (
				A92E98C51A2B447F00FB0B2A /* PurboSwiftCsvExampleTests.swift */,
				A92E98C31A2B447F00FB0B2A /* Supporting Files */,
			);
			path = PurboSwiftCsvExampleTests;
			sourceTree = "<group>";
		};
		A92E98C31A2B447F00FB0B2A /* Supporting Files */ = {
			isa = PBXGroup;
			children = (
				A92E98C41A2B447F00FB0B2A /* Info.plist */,
			);
			name = "Supporting Files";
			sourceTree = "<group>";
		};
/* End PBXGroup section */

/* Begin PBXNativeTarget section */
		A92E98A91A2B447F00FB0B2A /* PurboSwiftCsvExample */ = {
			isa = PBXNativeTarget;
			buildConfigurationList = A92E98C91A2B447F00FB0B2A /* Build configuration list for PBXNativeTarget "PurboSwiftCsvExample" */;
			buildPhases = (
				A92E98A61A2B447F00FB0B2A /* Sources */,
				A92E98A71A2B447F00FB0B2A /* Frameworks */,
				A92E98A81A2B447F00FB0B2A /* Resources */,
			);
			buildRules = (
			);
			dependencies = (
			);
			name = PurboSwiftCsvExample;
			productName = PurboSwiftCsvExample;
			productReference = A92E98AA1A2B447F00FB0B2A /* PurboSwiftCsvExample.app */;
			productType = "com.apple.product-type.application";
		};
		A92E98BE1A2B447F00FB0B2A /* PurboSwiftCsvExampleTests */ = {
			isa = PBXNativeTarget;
			buildConfigurationList = A92E98CC1A2B447F00FB0B2A /* Build configuration list for PBXNativeTarget "PurboSwiftCsvExampleTests" */;
			buildPhases = (
				A92E98BB1A2B447F00FB0B2A /* Sources */,
				A92E98BC1A2B447F00FB0B2A /* Frameworks */,
				A92E98BD1A2B447F00FB0B2A /* Resources */,
			);
			buildRules = (
			);
			dependencies = (
				A92E98C11A2B447F00FB0B2A /* PBXTargetDependency */,
			);
			name = PurboSwiftCsvExampleTests;
			productName = PurboSwiftCsvExampleTests;
			productReference = A92E98BF1A2B447F00FB0B2A /* PurboSwiftCsvExampleTests.xctest */;
			productType = "com.apple.product-type.bundle.unit-test";
		};
/* End PBXNativeTarget section */

/* Begin PBXProject section */
		A92E98A21A2B447F00FB0B2A /* Project object */ = {
			isa = PBXProject;
			attributes = {
				LastUpgradeCheck = 0610;
				ORGANIZATIONNAME = Purbo;
				TargetAttributes = {
					A92E98A91A2B447F00FB0B2A = {
						CreatedOnToolsVersion = 6.1;
					};
					A92E98BE1A2B447F00FB0B2A = {
						CreatedOnToolsVersion = 6.1;
						TestTargetID = A92E98A91A2B447F00FB0B2A;
					};
				};
			};
			buildConfigurationList = A92E98A51A2B447F00FB0B2A /* Build configuration list for PBXProject "PurboSwiftCsvExample" */;
			compatibilityVersion = "Xcode 3.2";
			developmentRegion = English;
			hasScannedForEncodings = 0;
			knownRegions = (
				en,
				Base,
			);
			mainGroup = A92E98A11A2B447F00FB0B2A;
			productRefGroup = A92E98AB1A2B447F00FB0B2A /* Products */;
			projectDirPath = "";
			projectRoot = "";
			targets = (
				A92E98A91A2B447F00FB0B2A /* PurboSwiftCsvExample */,
				A92E98BE1A2B447F00FB0B2A /* PurboSwiftCsvExampleTests */,
			);
		};
/* End PBXProject section */

/* Begin PBXResourcesBuildPhase section */
		A92E98A81A2B447F00FB0B2A /* Resources */ = {
			isa = PBXResourcesBuildPhase;
			buildActionMask = 2147483647;
			files = (
				A92E98DB1A2B45B300FB0B2A /* test1.csv in Resources */,
				A92E98B51A2B447F00FB0B2A /* Main.storyboard in Resources */,
				A92E98BA1A2B447F00FB0B2A /* LaunchScreen.xib in Resources */,
				A92E98B71A2B447F00FB0B2A /* Images.xcassets in Resources */,
			);
			runOnlyForDeploymentPostprocessing = 0;
		};
		A92E98BD1A2B447F00FB0B2A /* Resources */ = {
			isa = PBXResourcesBuildPhase;
			buildActionMask = 2147483647;
			files = (
			);
			runOnlyForDeploymentPostprocessing = 0;
		};
/* End PBXResourcesBuildPhase section */

/* Begin PBXSourcesBuildPhase section */
		A92E98A61A2B447F00FB0B2A /* Sources */ = {
			isa = PBXSourcesBuildPhase;
			buildActionMask = 2147483647;
			files = (
				A92E98B21A2B447F00FB0B2A /* ViewController.swift in Sources */,
				A92E98B01A2B447F00FB0B2A /* AppDelegate.swift in Sources */,
			);
			runOnlyForDeploymentPostprocessing = 0;
		};
		A92E98BB1A2B447F00FB0B2A /* Sources */ = {
			isa = PBXSourcesBuildPhase;
			buildActionMask = 2147483647;
			files = (
				A92E98C61A2B447F00FB0B2A /* PurboSwiftCsvExampleTests.swift in Sources */,
			);
			runOnlyForDeploymentPostprocessing = 0;
		};
/* End PBXSourcesBuildPhase section */

/* Begin PBXTargetDependency section */
		A92E98C11A2B447F00FB0B2A /* PBXTargetDependency */ = {
			isa = PBXTargetDependency;
			target = A92E98A91A2B447F00FB0B2A /* PurboSwiftCsvExample */;
			targetProxy = A92E98C01A2B447F00FB0B2A /* PBXContainerItemProxy */;
		};
/* End PBXTargetDependency section */

/* Begin PBXVariantGroup section */
		A92E98B31A2B447F00FB0B2A /* Main.storyboard */ = {
			isa = PBXVariantGroup;
			children = (
				A92E98B41A2B447F00FB0B2A /* Base */,
			);
			name = Main.storyboard;
			sourceTree = "<group>";
		};
		A92E98B81A2B447F00FB0B2A /* LaunchScreen.xib */ = {
			isa = PBXVariantGroup;
			children = (
				A92E98B91A2B447F00FB0B2A /* Base */,
			);
			name = LaunchScreen.xib;
			sourceTree = "<group>";
		};
/* End PBXVariantGroup section */

/* Begin XCBuildConfiguration section */
		A92E98C71A2B447F00FB0B2A /* Debug */ = {
			isa = XCBuildConfiguration;
			buildSettings = {
				ALWAYS_SEARCH_USER_PATHS = NO;
				CLANG_CXX_LANGUAGE_STANDARD = "gnu++0x";
				CLANG_CXX_LIBRARY = "libc++";
				CLANG_ENABLE_MODULES = YES;
				CLANG_ENABLE_OBJC_ARC = YES;
				CLANG_WARN_BOOL_CONVERSION = YES;
				CLANG_WARN_CONSTANT_CONVERSION = YES;
				CLANG_WARN_DIRECT_OBJC_ISA_USAGE = YES_ERROR;
				CLANG_WARN_EMPTY_BODY = YES;
				CLANG_WARN_ENUM_CONVERSION = YES;
				CLANG_WARN_INT_CONVERSION = YES;
				CLANG_WARN_OBJC_ROOT_CLASS = YES_ERROR;
				CLANG_WARN_UNREACHABLE_CODE = YES;
				CLANG_WARN__DUPLICATE_METHOD_MATCH = YES;
				"CODE_SIGN_IDENTITY[sdk=iphoneos*]" = "iPhone Developer";
				COPY_PHASE_STRIP = NO;
				ENABLE_STRICT_OBJC_MSGSEND = YES;
				GCC_C_LANGUAGE_STANDARD = gnu99;
				GCC_DYNAMIC_NO_PIC = NO;
				GCC_OPTIMIZATION_LEVEL = 0;
				GCC_PREPROCESSOR_DEFINITIONS = (
					"DEBUG=1",
					"$(inherited)",
				);
				GCC_SYMBOLS_PRIVATE_EXTERN = NO;
				GCC_WARN_64_TO_32_BIT_CONVERSION = YES;
				GCC_WARN_ABOUT_RETURN_TYPE = YES_ERROR;
				GCC_WARN_UNDECLARED_SELECTOR = YES;
				GCC_WARN_UNINITIALIZED_AUTOS = YES_AGGRESSIVE;
				GCC_WARN_UNUSED_FUNCTION = YES;
				GCC_WARN_UNUSED_VARIABLE = YES;
				IPHONEOS_DEPLOYMENT_TARGET = 8.1;
				MTL_ENABLE_DEBUG_INFO = YES;
				ONLY_ACTIVE_ARCH = YES;
				SDKROOT = iphoneos;
				SWIFT_OPTIMIZATION_LEVEL = "-Onone";
				TARGETED_DEVICE_FAMILY = "1,2";
			};
			name = Debug;
		};
		A92E98C81A2B447F00FB0B2A /* Release */ = {
			isa = XCBuildConfiguration;
			buildSettings = {
				ALWAYS_SEARCH_USER_PATHS = NO;
				CLANG_CXX_LANGUAGE_STANDARD = "gnu++0x";
				CLANG_CXX_LIBRARY = "libc++";
				CLANG_ENABLE_MODULES = YES;
				CLANG_ENABLE_OBJC_ARC = YES;
				CLANG_WARN_BOOL_CONVERSION = YES;
				CLANG_WARN_CONSTANT_CONVERSION = YES;
				CLANG_WARN_DIRECT_OBJC_ISA_USAGE = YES_ERROR;
				CLANG_WARN_EMPTY_BODY = YES;
				CLANG_WARN_ENUM_CONVERSION = YES;
				CLANG_WARN_INT_CONVERSION = YES;
				CLANG_WARN_OBJC_ROOT_CLASS = YES_ERROR;
				CLANG_WARN_UNREACHABLE_CODE = YES;
				CLANG_WARN__DUPLICATE_METHOD_MATCH = YES;
				"CODE_SIGN_IDENTITY[sdk=iphoneos*]" = "iPhone Developer";
				COPY_PHASE_STRIP = YES;
				ENABLE_NS_ASSERTIONS = NO;
				ENABLE_STRICT_OBJC_MSGSEND = YES;
				GCC_C_LANGUAGE_STANDARD = gnu99;
				GCC_WARN_64_TO_32_BIT_CONVERSION = YES;
				GCC_WARN_ABOUT_RETURN_TYPE = YES_ERROR;
				GCC_WARN_UNDECLARED_SELECTOR = YES;
				GCC_WARN_UNINITIALIZED_AUTOS = YES_AGGRESSIVE;
				GCC_WARN_UNUSED_FUNCTION = YES;
				GCC_WARN_UNUSED_VARIABLE = YES;
				IPHONEOS_DEPLOYMENT_TARGET = 8.1;
				MTL_ENABLE_DEBUG_INFO = NO;
				SDKROOT = iphoneos;
				TARGETED_DEVICE_FAMILY = "1,2";
				VALIDATE_PRODUCT = YES;
			};
			name = Release;
		};
		A92E98CA1A2B447F00FB0B2A /* Debug */ = {
			isa = XCBuildConfiguration;
			buildSettings = {
				ASSETCATALOG_COMPILER_APPICON_NAME = AppIcon;
				FRAMEWORK_SEARCH_PATHS = (
					"$(inherited)",
					"/Users/purbo/git/PurboSwiftCsv/build/Debug-iphoneos",
				);
				INFOPLIST_FILE = PurboSwiftCsvExample/Info.plist;
				LD_RUNPATH_SEARCH_PATHS = "$(inherited) @executable_path/Frameworks";
				PRODUCT_NAME = "$(TARGET_NAME)";
			};
			name = Debug;
		};
		A92E98CB1A2B447F00FB0B2A /* Release */ = {
			isa = XCBuildConfiguration;
			buildSettings = {
				ASSETCATALOG_COMPILER_APPICON_NAME = AppIcon;
				FRAMEWORK_SEARCH_PATHS = (
					"$(inherited)",
					"/Users/purbo/git/PurboSwiftCsv/build/Debug-iphoneos",
				);
				INFOPLIST_FILE = PurboSwiftCsvExample/Info.plist;
				LD_RUNPATH_SEARCH_PATHS = "$(inherited) @executable_path/Frameworks";
				PRODUCT_NAME = "$(TARGET_NAME)";
			};
			name = Release;
		};
		A92E98CD1A2B447F00FB0B2A /* Debug */ = {
			isa = XCBuildConfiguration;
			buildSettings = {
				BUNDLE_LOADER = "$(TEST_HOST)";
				FRAMEWORK_SEARCH_PATHS = (
					"$(SDKROOT)/Developer/Library/Frameworks",
					"$(inherited)",
				);
				GCC_PREPROCESSOR_DEFINITIONS = (
					"DEBUG=1",
					"$(inherited)",
				);
				INFOPLIST_FILE = PurboSwiftCsvExampleTests/Info.plist;
				LD_RUNPATH_SEARCH_PATHS = "$(inherited) @executable_path/Frameworks @loader_path/Frameworks";
				PRODUCT_NAME = "$(TARGET_NAME)";
				TEST_HOST = "$(BUILT_PRODUCTS_DIR)/PurboSwiftCsvExample.app/PurboSwiftCsvExample";
			};
			name = Debug;
		};
		A92E98CE1A2B447F00FB0B2A /* Release */ = {
			isa = XCBuildConfiguration;
			buildSettings = {
				BUNDLE_LOADER = "$(TEST_HOST)";
				FRAMEWORK_SEARCH_PATHS = (
					"$(SDKROOT)/Developer/Library/Frameworks",
					"$(inherited)",
				);
				INFOPLIST_FILE = PurboSwiftCsvExampleTests/Info.plist;
				LD_RUNPATH_SEARCH_PATHS = "$(inherited) @executable_path/Frameworks @loader_path/Frameworks";
				PRODUCT_NAME = "$(TARGET_NAME)";
				TEST_HOST = "$(BUILT_PRODUCTS_DIR)/PurboSwiftCsvExample.app/PurboSwiftCsvExample";
			};
			name = Release;
		};
/* End XCBuildConfiguration section */

/* Begin XCConfigurationList section */
		A92E98A51A2B447F00FB0B2A /* Build configuration list for PBXProject "PurboSwiftCsvExample" */ = {
			isa = XCConfigurationList;
			buildConfigurations = (
				A92E98C71A2B447F00FB0B2A /* Debug */,
				A92E98C81A2B447F00FB0B2A /* Release */,
			);
			defaultConfigurationIsVisible = 0;
			defaultConfigurationName = Release;
		};
		A92E98C91A2B447F00FB0B2A /* Build configuration list for PBXNativeTarget "PurboSwiftCsvExample" */ = {
			isa = XCConfigurationList;
			buildConfigurations = (
				A92E98CA1A2B447F00FB0B2A /* Debug */,
				A92E98CB1A2B447F00FB0B2A /* Release */,
			);
			defaultConfigurationIsVisible = 0;
			defaultConfigurationName = Release;
		};
		A92E98CC1A2B447F00FB0B2A /* Build configuration list for PBXNativeTarget "PurboSwiftCsvExampleTests" */ = {
			isa = XCConfigurationList;
			buildConfigurations = (
				A92E98CD1A2B447F00FB0B2A /* Debug */,
				A92E98CE1A2B447F00FB0B2A /* Release */,
			);
			defaultConfigurationIsVisible = 0;
			defaultConfigurationName = Release;
		};
/* End XCConfigurationList section */
	};
	rootObject = A92E98A21A2B447F00FB0B2A /* Project object */;
}
